
Microsoft Visual Studio Solution File, Format Version 12.00
# Visual Studio Version 17
VisualStudioVersion = 17.1.32228.430
MinimumVisualStudioVersion = 10.0.40219.1
Project("{9A19103F-16F7-4668-BE54-9A1E7A4F7556}") = "Formularios", "Formularios\Formularios.csproj", "{55E4A6D5-AF89-45A3-B3D7-E760C103636A}"
EndProject
Project("{9A19103F-16F7-4668-BE54-9A1E7A4F7556}") = "Entidades", "Entidades\Entidades.csproj", "{DB611C15-4CCE-4A8C-95DE-8206083FEC75}"
EndProject
Project("{9A19103F-16F7-4668-BE54-9A1E7A4F7556}") = "Excepciones", "Excepciones\Excepciones.csproj", "{D7EA56F8-FDD9-455C-A3CB-F66335529C18}"
EndProject
Project("{FAE04EC0-301F-11D3-BF4B-00C04F79EFBC}") = "Test", "Test\Test.csproj", "{7ECA820F-CE80-4C6A-B939-06E59BB2E11A}"
EndProject
Global
	GlobalSection(SolutionConfigurationPlatforms) = preSolution
		Debug|Any CPU = Debug|Any CPU
		Release|Any CPU = Release|Any CPU
	EndGlobalSection
	GlobalSection(ProjectConfigurationPlatforms) = postSolution
		{55E4A6D5-AF89-45A3-B3D7-E760C103636A}.Debug|Any CPU.ActiveCfg = Debug|Any CPU
		{55E4A6D5-AF89-45A3-B3D7-E760C103636A}.Debug|Any CPU.Build.0 = Debug|Any CPU
		{55E4A6D5-AF89-45A3-B3D7-E760C103636A}.Release|Any CPU.ActiveCfg = Release|Any CPU
		{55E4A6D5-AF89-45A3-B3D7-E760C103636A}.Release|Any CPU.Build.0 = Release|Any CPU
		{DB611C15-4CCE-4A8C-95DE-8206083FEC75}.Debug|Any CPU.ActiveCfg = Debug|Any CPU
		{DB611C15-4CCE-4A8C-95DE-8206083FEC75}.Debug|Any CPU.Build.0 = Debug|Any CPU
		{DB611C15-4CCE-4A8C-95DE-8206083FEC75}.Release|Any CPU.ActiveCfg = Release|Any CPU
		{DB611C15-4CCE-4A8C-95DE-8206083FEC75}.Release|Any CPU.Build.0 = Release|Any CPU
		{D7EA56F8-FDD9-455C-A3CB-F66335529C18}.Debug|Any CPU.ActiveCfg = Debug|Any CPU
		{D7EA56F8-FDD9-455C-A3CB-F66335529C18}.Debug|Any CPU.Build.0 = Debug|Any CPU
		{D7EA56F8-FDD9-455C-A3CB-F66335529C18}.Release|Any CPU.ActiveCfg = Release|Any CPU
		{D7EA56F8-FDD9-455C-A3CB-F66335529C18}.Release|Any CPU.Build.0 = Release|Any CPU
		{7ECA820F-CE80-4C6A-B939-06E59BB2E11A}.Debug|Any CPU.ActiveCfg = Debug|Any CPU
		{7ECA820F-CE80-4C6A-B939-06E59BB2E11A}.Debug|Any CPU.Build.0 = Debug|Any CPU
		{7ECA820F-CE80-4C6A-B939-06E59BB2E11A}.Release|Any CPU.ActiveCfg = Release|Any CPU
		{7ECA820F-CE80-4C6A-B939-06E59BB2E11A}.Release|Any CPU.Build.0 = Release|Any CPU
	EndGlobalSection
	GlobalSection(SolutionProperties) = preSolution
		HideSolutionNode = FALSE
	EndGlobalSection
	GlobalSection(ExtensibilityGlobals) = postSolution
		SolutionGuid = {47DAF147-775B-44CB-A6CE-53A17C19A851}
	EndGlobalSection
EndGlobal
